
Microsoft Visual Studio Solution File, Format Version 12.00
# Visual Studio Version 17
VisualStudioVersion = 17.3.32901.215
MinimumVisualStudioVersion = 10.0.40219.1
Project("{9A19103F-16F7-4668-BE54-9A1E7A4F7556}") = "Speech To Text", "Speech To Text\Speech To Text.csproj", "{A3795287-24CE-4459-952D-4DB1AAF0E363}"
EndProject
Project("{9A19103F-16F7-4668-BE54-9A1E7A4F7556}") = "OCR Tables", "OCR Tables\OCR Tables.csproj", "{3A2A66BF-942A-426E-AF3B-569DA34D4DF5}"
EndProject
Project("{9A19103F-16F7-4668-BE54-9A1E7A4F7556}") = "Spell Check", "Spell Check\Spell Check.csproj", "{08622A66-FB18-496D-87B2-56D3BD2C10FD}"
EndProject
Project("{FAE04EC0-301F-11D3-BF4B-00C04F79EFBC}") = "Text To Speech", "Text To Speech\Text To Speech.csproj", "{BF043023-E054-4561-9AF7-83047126AC14}"
EndProject
Global
	GlobalSection(SolutionConfigurationPlatforms) = preSolution
		Debug|Any CPU = Debug|Any CPU
		Release|Any CPU = Release|Any CPU
	EndGlobalSection
	GlobalSection(ProjectConfigurationPlatforms) = postSolution
		{A3795287-24CE-4459-952D-4DB1AAF0E363}.Debug|Any CPU.ActiveCfg = Debug|Any CPU
		{A3795287-24CE-4459-952D-4DB1AAF0E363}.Debug|Any CPU.Build.0 = Debug|Any CPU
		{A3795287-24CE-4459-952D-4DB1AAF0E363}.Release|Any CPU.ActiveCfg = Release|Any CPU
		{A3795287-24CE-4459-952D-4DB1AAF0E363}.Release|Any CPU.Build.0 = Release|Any CPU
		{3A2A66BF-942A-426E-AF3B-569DA34D4DF5}.Debug|Any CPU.ActiveCfg = Debug|Any CPU
		{3A2A66BF-942A-426E-AF3B-569DA34D4DF5}.Debug|Any CPU.Build.0 = Debug|Any CPU
		{3A2A66BF-942A-426E-AF3B-569DA34D4DF5}.Release|Any CPU.ActiveCfg = Release|Any CPU
		{3A2A66BF-942A-426E-AF3B-569DA34D4DF5}.Release|Any CPU.Build.0 = Release|Any CPU
		{08622A66-FB18-496D-87B2-56D3BD2C10FD}.Debug|Any CPU.ActiveCfg = Debug|Any CPU
		{08622A66-FB18-496D-87B2-56D3BD2C10FD}.Debug|Any CPU.Build.0 = Debug|Any CPU
		{08622A66-FB18-496D-87B2-56D3BD2C10FD}.Release|Any CPU.ActiveCfg = Release|Any CPU
		{08622A66-FB18-496D-87B2-56D3BD2C10FD}.Release|Any CPU.Build.0 = Release|Any CPU
		{BF043023-E054-4561-9AF7-83047126AC14}.Debug|Any CPU.ActiveCfg = Debug|Any CPU
		{BF043023-E054-4561-9AF7-83047126AC14}.Debug|Any CPU.Build.0 = Debug|Any CPU
		{BF043023-E054-4561-9AF7-83047126AC14}.Release|Any CPU.ActiveCfg = Release|Any CPU
		{BF043023-E054-4561-9AF7-83047126AC14}.Release|Any CPU.Build.0 = Release|Any CPU
	EndGlobalSection
	GlobalSection(SolutionProperties) = preSolution
		HideSolutionNode = FALSE
	EndGlobalSection
	GlobalSection(ExtensibilityGlobals) = postSolution
		SolutionGuid = {F4FBC090-C541-4898-86F1-69A2A6C7C882}
	EndGlobalSection
EndGlobal
