
Microsoft Visual Studio Solution File, Format Version 12.00
# Visual Studio Version 17
VisualStudioVersion = 17.3.32901.215
MinimumVisualStudioVersion = 10.0.40219.1
Project("{9A19103F-16F7-4668-BE54-9A1E7A4F7556}") = "Speech To Text", "Speech To Text\Speech To Text.csproj", "{A3795287-24CE-4459-952D-4DB1AAF0E363}"
EndProject
Project("{9A19103F-16F7-4668-BE54-9A1E7A4F7556}") = "OCR Tables", "OCR Tables\OCR Tables.csproj", "{3A2A66BF-942A-426E-AF3B-569DA34D4DF5}"
EndProject
Project("{9A19103F-16F7-4668-BE54-9A1E7A4F7556}") = "Spell Check", "Spell Check\Spell Check.csproj", "{08622A66-FB18-496D-87B2-56D3BD2C10FD}"
EndProject
Project("{9A19103F-16F7-4668-BE54-9A1E7A4F7556}") = "Text To Speech", "Text To Speech\Text To Speech.csproj", "{BF043023-E054-4561-9AF7-83047126AC14}"
EndProject
Project("{9A19103F-16F7-4668-BE54-9A1E7A4F7556}") = "Text Summarization", "TextSummarization\Text Summarization.csproj", "{CA7D3E88-DE54-4C9A-BA29-C18D21702C1A}"
EndProject
Project("{FAE04EC0-301F-11D3-BF4B-00C04F79EFBC}") = "Code Generation", "Code Generation\Code Generation.csproj", "{2815A595-3120-43EC-ACF5-60BF38AB4333}"
EndProject
Project("{FAE04EC0-301F-11D3-BF4B-00C04F79EFBC}") = "Text Generation", "Text Generation\Text Generation.csproj", "{00A5B486-788F-4E0F-B1E1-714ABAEC8214}"
EndProject
Project("{FAE04EC0-301F-11D3-BF4B-00C04F79EFBC}") = "Topic Extraction", "Topic Extraction\Topic Extraction.csproj", "{C5F57449-9E14-403D-BEAA-B12232F57D1B}"
EndProject
Project("{FAE04EC0-301F-11D3-BF4B-00C04F79EFBC}") = "Search", "Search\Search.csproj", "{E8D8C85B-46CE-428C-8C5E-93DADD7C1F98}"
EndProject
Project("{FAE04EC0-301F-11D3-BF4B-00C04F79EFBC}") = "Syntax Analysis", "Syntax Analysis\Syntax Analysis.csproj", "{4E15F4EC-5D20-4982-B7AF-98FDB80354E9}"
EndProject
Project("{FAE04EC0-301F-11D3-BF4B-00C04F79EFBC}") = "Keyword Extraction", "Keyword Extraction\Keyword Extraction.csproj", "{9D574F08-C442-40D6-887F-EC75B2182E3D}"
EndProject
Project("{FAE04EC0-301F-11D3-BF4B-00C04F79EFBC}") = "TextModeration", "TextModeration\TextModeration.csproj", "{0F99418E-6B9E-4EAB-A354-15473FEBE445}"
EndProject
Project("{FAE04EC0-301F-11D3-BF4B-00C04F79EFBC}") = "Sentiment Analysis", "SentimentAnalysis\Sentiment Analysis.csproj", "{C71A4EEC-92F5-4D3B-B471-74C6E2A130E8}"
EndProject
Project("{FAE04EC0-301F-11D3-BF4B-00C04F79EFBC}") = "Custom Entity Extraction", "Custom Entity Extraction\Custom Entity Extraction.csproj", "{4E347A81-7588-4094-ABBE-AC9AB7A608AE}"
EndProject
Project("{FAE04EC0-301F-11D3-BF4B-00C04F79EFBC}") = "Named Entity Recognition", "Named Entity Recognition\Named Entity Recognition.csproj", "{9092ECF4-2480-49B7-9F7C-7D618E5314F8}"
EndProject
Global
	GlobalSection(SolutionConfigurationPlatforms) = preSolution
		Debug|Any CPU = Debug|Any CPU
		Release|Any CPU = Release|Any CPU
	EndGlobalSection
	GlobalSection(ProjectConfigurationPlatforms) = postSolution
		{A3795287-24CE-4459-952D-4DB1AAF0E363}.Debug|Any CPU.ActiveCfg = Debug|Any CPU
		{A3795287-24CE-4459-952D-4DB1AAF0E363}.Debug|Any CPU.Build.0 = Debug|Any CPU
		{A3795287-24CE-4459-952D-4DB1AAF0E363}.Release|Any CPU.ActiveCfg = Release|Any CPU
		{A3795287-24CE-4459-952D-4DB1AAF0E363}.Release|Any CPU.Build.0 = Release|Any CPU
		{3A2A66BF-942A-426E-AF3B-569DA34D4DF5}.Debug|Any CPU.ActiveCfg = Debug|Any CPU
		{3A2A66BF-942A-426E-AF3B-569DA34D4DF5}.Debug|Any CPU.Build.0 = Debug|Any CPU
		{3A2A66BF-942A-426E-AF3B-569DA34D4DF5}.Release|Any CPU.ActiveCfg = Release|Any CPU
		{3A2A66BF-942A-426E-AF3B-569DA34D4DF5}.Release|Any CPU.Build.0 = Release|Any CPU
		{08622A66-FB18-496D-87B2-56D3BD2C10FD}.Debug|Any CPU.ActiveCfg = Debug|Any CPU
		{08622A66-FB18-496D-87B2-56D3BD2C10FD}.Debug|Any CPU.Build.0 = Debug|Any CPU
		{08622A66-FB18-496D-87B2-56D3BD2C10FD}.Release|Any CPU.ActiveCfg = Release|Any CPU
		{08622A66-FB18-496D-87B2-56D3BD2C10FD}.Release|Any CPU.Build.0 = Release|Any CPU
		{BF043023-E054-4561-9AF7-83047126AC14}.Debug|Any CPU.ActiveCfg = Debug|Any CPU
		{BF043023-E054-4561-9AF7-83047126AC14}.Debug|Any CPU.Build.0 = Debug|Any CPU
		{BF043023-E054-4561-9AF7-83047126AC14}.Release|Any CPU.ActiveCfg = Release|Any CPU
		{BF043023-E054-4561-9AF7-83047126AC14}.Release|Any CPU.Build.0 = Release|Any CPU
		{CA7D3E88-DE54-4C9A-BA29-C18D21702C1A}.Debug|Any CPU.ActiveCfg = Debug|Any CPU
		{CA7D3E88-DE54-4C9A-BA29-C18D21702C1A}.Debug|Any CPU.Build.0 = Debug|Any CPU
		{CA7D3E88-DE54-4C9A-BA29-C18D21702C1A}.Release|Any CPU.ActiveCfg = Release|Any CPU
		{CA7D3E88-DE54-4C9A-BA29-C18D21702C1A}.Release|Any CPU.Build.0 = Release|Any CPU
		{2815A595-3120-43EC-ACF5-60BF38AB4333}.Debug|Any CPU.ActiveCfg = Debug|Any CPU
		{2815A595-3120-43EC-ACF5-60BF38AB4333}.Debug|Any CPU.Build.0 = Debug|Any CPU
		{2815A595-3120-43EC-ACF5-60BF38AB4333}.Release|Any CPU.ActiveCfg = Release|Any CPU
		{2815A595-3120-43EC-ACF5-60BF38AB4333}.Release|Any CPU.Build.0 = Release|Any CPU
		{00A5B486-788F-4E0F-B1E1-714ABAEC8214}.Debug|Any CPU.ActiveCfg = Debug|Any CPU
		{00A5B486-788F-4E0F-B1E1-714ABAEC8214}.Debug|Any CPU.Build.0 = Debug|Any CPU
		{00A5B486-788F-4E0F-B1E1-714ABAEC8214}.Release|Any CPU.ActiveCfg = Release|Any CPU
		{00A5B486-788F-4E0F-B1E1-714ABAEC8214}.Release|Any CPU.Build.0 = Release|Any CPU
		{C5F57449-9E14-403D-BEAA-B12232F57D1B}.Debug|Any CPU.ActiveCfg = Debug|Any CPU
		{C5F57449-9E14-403D-BEAA-B12232F57D1B}.Debug|Any CPU.Build.0 = Debug|Any CPU
		{C5F57449-9E14-403D-BEAA-B12232F57D1B}.Release|Any CPU.ActiveCfg = Release|Any CPU
		{C5F57449-9E14-403D-BEAA-B12232F57D1B}.Release|Any CPU.Build.0 = Release|Any CPU
		{E8D8C85B-46CE-428C-8C5E-93DADD7C1F98}.Debug|Any CPU.ActiveCfg = Debug|Any CPU
		{E8D8C85B-46CE-428C-8C5E-93DADD7C1F98}.Debug|Any CPU.Build.0 = Debug|Any CPU
		{E8D8C85B-46CE-428C-8C5E-93DADD7C1F98}.Release|Any CPU.ActiveCfg = Release|Any CPU
		{E8D8C85B-46CE-428C-8C5E-93DADD7C1F98}.Release|Any CPU.Build.0 = Release|Any CPU
		{4E15F4EC-5D20-4982-B7AF-98FDB80354E9}.Debug|Any CPU.ActiveCfg = Debug|Any CPU
		{4E15F4EC-5D20-4982-B7AF-98FDB80354E9}.Debug|Any CPU.Build.0 = Debug|Any CPU
		{4E15F4EC-5D20-4982-B7AF-98FDB80354E9}.Release|Any CPU.ActiveCfg = Release|Any CPU
		{4E15F4EC-5D20-4982-B7AF-98FDB80354E9}.Release|Any CPU.Build.0 = Release|Any CPU
		{9D574F08-C442-40D6-887F-EC75B2182E3D}.Debug|Any CPU.ActiveCfg = Debug|Any CPU
		{9D574F08-C442-40D6-887F-EC75B2182E3D}.Debug|Any CPU.Build.0 = Debug|Any CPU
		{9D574F08-C442-40D6-887F-EC75B2182E3D}.Release|Any CPU.ActiveCfg = Release|Any CPU
		{9D574F08-C442-40D6-887F-EC75B2182E3D}.Release|Any CPU.Build.0 = Release|Any CPU
		{0F99418E-6B9E-4EAB-A354-15473FEBE445}.Debug|Any CPU.ActiveCfg = Debug|Any CPU
		{0F99418E-6B9E-4EAB-A354-15473FEBE445}.Debug|Any CPU.Build.0 = Debug|Any CPU
		{0F99418E-6B9E-4EAB-A354-15473FEBE445}.Release|Any CPU.ActiveCfg = Release|Any CPU
		{0F99418E-6B9E-4EAB-A354-15473FEBE445}.Release|Any CPU.Build.0 = Release|Any CPU
		{C71A4EEC-92F5-4D3B-B471-74C6E2A130E8}.Debug|Any CPU.ActiveCfg = Debug|Any CPU
		{C71A4EEC-92F5-4D3B-B471-74C6E2A130E8}.Debug|Any CPU.Build.0 = Debug|Any CPU
		{C71A4EEC-92F5-4D3B-B471-74C6E2A130E8}.Release|Any CPU.ActiveCfg = Release|Any CPU
		{C71A4EEC-92F5-4D3B-B471-74C6E2A130E8}.Release|Any CPU.Build.0 = Release|Any CPU
		{4E347A81-7588-4094-ABBE-AC9AB7A608AE}.Debug|Any CPU.ActiveCfg = Debug|Any CPU
		{4E347A81-7588-4094-ABBE-AC9AB7A608AE}.Debug|Any CPU.Build.0 = Debug|Any CPU
		{4E347A81-7588-4094-ABBE-AC9AB7A608AE}.Release|Any CPU.ActiveCfg = Release|Any CPU
		{4E347A81-7588-4094-ABBE-AC9AB7A608AE}.Release|Any CPU.Build.0 = Release|Any CPU
		{9092ECF4-2480-49B7-9F7C-7D618E5314F8}.Debug|Any CPU.ActiveCfg = Debug|Any CPU
		{9092ECF4-2480-49B7-9F7C-7D618E5314F8}.Debug|Any CPU.Build.0 = Debug|Any CPU
		{9092ECF4-2480-49B7-9F7C-7D618E5314F8}.Release|Any CPU.ActiveCfg = Release|Any CPU
		{9092ECF4-2480-49B7-9F7C-7D618E5314F8}.Release|Any CPU.Build.0 = Release|Any CPU
	EndGlobalSection
	GlobalSection(SolutionProperties) = preSolution
		HideSolutionNode = FALSE
	EndGlobalSection
	GlobalSection(ExtensibilityGlobals) = postSolution
		SolutionGuid = {F4FBC090-C541-4898-86F1-69A2A6C7C882}
	EndGlobalSection
EndGlobal
